// !$*UTF8*$!
{
	archiveVersion = 1;
	classes = {
	};
	objectVersion = 46;
	objects = {

/* Begin PBXBuildFile section */
		2E82DC931D683719008559EA /* AppDelegate.swift in Sources */ = {isa = PBXBuildFile; fileRef = 2E82DC921D683719008559EA /* AppDelegate.swift */; };
		2E82DC951D683719008559EA /* ViewController.swift in Sources */ = {isa = PBXBuildFile; fileRef = 2E82DC941D683719008559EA /* ViewController.swift */; };
		2E82DC981D683719008559EA /* Main.storyboard in Resources */ = {isa = PBXBuildFile; fileRef = 2E82DC961D683719008559EA /* Main.storyboard */; };
		2E82DC9A1D683719008559EA /* Assets.xcassets in Resources */ = {isa = PBXBuildFile; fileRef = 2E82DC991D683719008559EA /* Assets.xcassets */; };
		2E82DC9D1D683719008559EA /* LaunchScreen.storyboard in Resources */ = {isa = PBXBuildFile; fileRef = 2E82DC9B1D683719008559EA /* LaunchScreen.storyboard */; };
		2E82DCA81D683719008559EA /* PontusDemoTests.swift in Sources */ = {isa = PBXBuildFile; fileRef = 2E82DCA71D683719008559EA /* PontusDemoTests.swift */; };
		2E82DCB31D683719008559EA /* PontusDemoUITests.swift in Sources */ = {isa = PBXBuildFile; fileRef = 2E82DCB21D683719008559EA /* PontusDemoUITests.swift */; };
		2E82DCC61D683AE8008559EA /* ChineseDate.swift in Sources */ = {isa = PBXBuildFile; fileRef = 2E82DCC51D683AE8008559EA /* ChineseDate.swift */; };
		2E82DCC81D683B5A008559EA /* UIView+FangYuan.swift in Sources */ = {isa = PBXBuildFile; fileRef = 2E82DCC71D683B5A008559EA /* UIView+FangYuan.swift */; };
		2E82DCCA1D683C39008559EA /* FangYuan.swift in Sources */ = {isa = PBXBuildFile; fileRef = 2E82DCC91D683C39008559EA /* FangYuan.swift */; };
		2E82DCCC1D683C83008559EA /* CGFloatable.swift in Sources */ = {isa = PBXBuildFile; fileRef = 2E82DCCB1D683C83008559EA /* CGFloatable.swift */; };
		2E82DCCE1D683CE5008559EA /* UIApplication+Pontus.swift in Sources */ = {isa = PBXBuildFile; fileRef = 2E82DCCD1D683CE5008559EA /* UIApplication+Pontus.swift */; };
		2E82DCD01D683D44008559EA /* CollectionType+Pontus.swift in Sources */ = {isa = PBXBuildFile; fileRef = 2E82DCCF1D683D44008559EA /* CollectionType+Pontus.swift */; };
		2E82DCD21D683D6A008559EA /* GCD+Pontus.swift in Sources */ = {isa = PBXBuildFile; fileRef = 2E82DCD11D683D6A008559EA /* GCD+Pontus.swift */; };
		2E82DCD41D683DB2008559EA /* Print+Pontus.swift in Sources */ = {isa = PBXBuildFile; fileRef = 2E82DCD31D683DB2008559EA /* Print+Pontus.swift */; };
		2E82DCD61D683EAE008559EA /* String+Pontus.swift in Sources */ = {isa = PBXBuildFile; fileRef = 2E82DCD51D683EAE008559EA /* String+Pontus.swift */; };
		2E82DCD81D683F26008559EA /* Pontus_HasText.swift in Sources */ = {isa = PBXBuildFile; fileRef = 2E82DCD71D683F26008559EA /* Pontus_HasText.swift */; };
		2E82DCDA1D683F5E008559EA /* UIButton+Pontus.swift in Sources */ = {isa = PBXBuildFile; fileRef = 2E82DCD91D683F5E008559EA /* UIButton+Pontus.swift */; };
		2E82DCDC1D683F7D008559EA /* UICollectionView+Pontus.swift in Sources */ = {isa = PBXBuildFile; fileRef = 2E82DCDB1D683F7D008559EA /* UICollectionView+Pontus.swift */; };
		2E82DCDE1D683FD7008559EA /* UIColor+Pontus.swift in Sources */ = {isa = PBXBuildFile; fileRef = 2E82DCDD1D683FD7008559EA /* UIColor+Pontus.swift */; };
		2E82DCE01D683FF1008559EA /* UIImage+Pontus.swift in Sources */ = {isa = PBXBuildFile; fileRef = 2E82DCDF1D683FF1008559EA /* UIImage+Pontus.swift */; };
		2E82DCE21D68401A008559EA /* UIImageView+Pontus.swift in Sources */ = {isa = PBXBuildFile; fileRef = 2E82DCE11D68401A008559EA /* UIImageView+Pontus.swift */; };
		2E82DCE41D684033008559EA /* UILabel+Pontus.swift in Sources */ = {isa = PBXBuildFile; fileRef = 2E82DCE31D684033008559EA /* UILabel+Pontus.swift */; };
		2E82DCE61D684067008559EA /* UINavigationController+Pontus.swift in Sources */ = {isa = PBXBuildFile; fileRef = 2E82DCE51D684067008559EA /* UINavigationController+Pontus.swift */; };
		2E82DCE81D684083008559EA /* UIScrollView+Pontus.swift in Sources */ = {isa = PBXBuildFile; fileRef = 2E82DCE71D684083008559EA /* UIScrollView+Pontus.swift */; };
		2E82DCEA1D6840A2008559EA /* UITableView+Pontus.swift in Sources */ = {isa = PBXBuildFile; fileRef = 2E82DCE91D6840A2008559EA /* UITableView+Pontus.swift */; };
		2E82DCEC1D6840BD008559EA /* UITableViewCell+Pontus.swift in Sources */ = {isa = PBXBuildFile; fileRef = 2E82DCEB1D6840BD008559EA /* UITableViewCell+Pontus.swift */; };
		2E82DCEE1D6840D3008559EA /* UITextFiel+Pontus.swift in Sources */ = {isa = PBXBuildFile; fileRef = 2E82DCED1D6840D3008559EA /* UITextFiel+Pontus.swift */; };
		2E82DCF01D6840F0008559EA /* UITextView+Pontus.swift in Sources */ = {isa = PBXBuildFile; fileRef = 2E82DCEF1D6840F0008559EA /* UITextView+Pontus.swift */; };
		2E82DCF21D684111008559EA /* UIView+Pontus.swift in Sources */ = {isa = PBXBuildFile; fileRef = 2E82DCF11D684111008559EA /* UIView+Pontus.swift */; };
		2E82DCF41D684126008559EA /* UIViewController+Pontus.swift in Sources */ = {isa = PBXBuildFile; fileRef = 2E82DCF31D684125008559EA /* UIViewController+Pontus.swift */; };
		2E82DCF61D6841F0008559EA /* KeyboardObserver.swift in Sources */ = {isa = PBXBuildFile; fileRef = 2E82DCF51D6841F0008559EA /* KeyboardObserver.swift */; };
		2E82DCF81D684214008559EA /* Alert.swift in Sources */ = {isa = PBXBuildFile; fileRef = 2E82DCF71D684214008559EA /* Alert.swift */; };
		2E82DCFA1D68454B008559EA /* WebViewController.swift in Sources */ = {isa = PBXBuildFile; fileRef = 2E82DCF91D68454B008559EA /* WebViewController.swift */; };
		2E82DCFC1D68474F008559EA /* UIDevice+Pontus.swift in Sources */ = {isa = PBXBuildFile; fileRef = 2E82DCFB1D68474F008559EA /* UIDevice+Pontus.swift */; };
/* End PBXBuildFile section */

/* Begin PBXContainerItemProxy section */
		2E82DCA41D683719008559EA /* PBXContainerItemProxy */ = {
			isa = PBXContainerItemProxy;
			containerPortal = 2E82DC871D683719008559EA /* Project object */;
			proxyType = 1;
			remoteGlobalIDString = 2E82DC8E1D683719008559EA;
			remoteInfo = PontusDemo;
		};
		2E82DCAF1D683719008559EA /* PBXContainerItemProxy */ = {
			isa = PBXContainerItemProxy;
			containerPortal = 2E82DC871D683719008559EA /* Project object */;
			proxyType = 1;
			remoteGlobalIDString = 2E82DC8E1D683719008559EA;
			remoteInfo = PontusDemo;
		};
/* End PBXContainerItemProxy section */

/* Begin PBXFileReference section */
		2E82DC8F1D683719008559EA /* PontusDemo.app */ = {isa = PBXFileReference; explicitFileType = wrapper.application; includeInIndex = 0; path = PontusDemo.app; sourceTree = BUILT_PRODUCTS_DIR; };
		2E82DC921D683719008559EA /* AppDelegate.swift */ = {isa = PBXFileReference; lastKnownFileType = sourcecode.swift; path = AppDelegate.swift; sourceTree = "<group>"; };
		2E82DC941D683719008559EA /* ViewController.swift */ = {isa = PBXFileReference; lastKnownFileType = sourcecode.swift; path = ViewController.swift; sourceTree = "<group>"; };
		2E82DC971D683719008559EA /* Base */ = {isa = PBXFileReference; lastKnownFileType = file.storyboard; name = Base; path = Base.lproj/Main.storyboard; sourceTree = "<group>"; };
		2E82DC991D683719008559EA /* Assets.xcassets */ = {isa = PBXFileReference; lastKnownFileType = folder.assetcatalog; path = Assets.xcassets; sourceTree = "<group>"; };
		2E82DC9C1D683719008559EA /* Base */ = {isa = PBXFileReference; lastKnownFileType = file.storyboard; name = Base; path = Base.lproj/LaunchScreen.storyboard; sourceTree = "<group>"; };
		2E82DC9E1D683719008559EA /* Info.plist */ = {isa = PBXFileReference; lastKnownFileType = text.plist.xml; path = Info.plist; sourceTree = "<group>"; };
		2E82DCA31D683719008559EA /* PontusDemoTests.xctest */ = {isa = PBXFileReference; explicitFileType = wrapper.cfbundle; includeInIndex = 0; path = PontusDemoTests.xctest; sourceTree = BUILT_PRODUCTS_DIR; };
		2E82DCA71D683719008559EA /* PontusDemoTests.swift */ = {isa = PBXFileReference; lastKnownFileType = sourcecode.swift; path = PontusDemoTests.swift; sourceTree = "<group>"; };
		2E82DCA91D683719008559EA /* Info.plist */ = {isa = PBXFileReference; lastKnownFileType = text.plist.xml; path = Info.plist; sourceTree = "<group>"; };
		2E82DCAE1D683719008559EA /* PontusDemoUITests.xctest */ = {isa = PBXFileReference; explicitFileType = wrapper.cfbundle; includeInIndex = 0; path = PontusDemoUITests.xctest; sourceTree = BUILT_PRODUCTS_DIR; };
		2E82DCB21D683719008559EA /* PontusDemoUITests.swift */ = {isa = PBXFileReference; lastKnownFileType = sourcecode.swift; path = PontusDemoUITests.swift; sourceTree = "<group>"; };
		2E82DCB41D683719008559EA /* Info.plist */ = {isa = PBXFileReference; lastKnownFileType = text.plist.xml; path = Info.plist; sourceTree = "<group>"; };
		2E82DCC51D683AE8008559EA /* ChineseDate.swift */ = {isa = PBXFileReference; fileEncoding = 4; lastKnownFileType = sourcecode.swift; path = ChineseDate.swift; sourceTree = "<group>"; };
		2E82DCC71D683B5A008559EA /* UIView+FangYuan.swift */ = {isa = PBXFileReference; fileEncoding = 4; lastKnownFileType = sourcecode.swift; path = "UIView+FangYuan.swift"; sourceTree = "<group>"; };
		2E82DCC91D683C39008559EA /* FangYuan.swift */ = {isa = PBXFileReference; fileEncoding = 4; lastKnownFileType = sourcecode.swift; path = FangYuan.swift; sourceTree = "<group>"; };
		2E82DCCB1D683C83008559EA /* CGFloatable.swift */ = {isa = PBXFileReference; fileEncoding = 4; lastKnownFileType = sourcecode.swift; path = CGFloatable.swift; sourceTree = "<group>"; };
		2E82DCCD1D683CE5008559EA /* UIApplication+Pontus.swift */ = {isa = PBXFileReference; fileEncoding = 4; lastKnownFileType = sourcecode.swift; path = "UIApplication+Pontus.swift"; sourceTree = "<group>"; };
		2E82DCCF1D683D44008559EA /* CollectionType+Pontus.swift */ = {isa = PBXFileReference; fileEncoding = 4; lastKnownFileType = sourcecode.swift; path = "CollectionType+Pontus.swift"; sourceTree = "<group>"; };
		2E82DCD11D683D6A008559EA /* GCD+Pontus.swift */ = {isa = PBXFileReference; fileEncoding = 4; lastKnownFileType = sourcecode.swift; path = "GCD+Pontus.swift"; sourceTree = "<group>"; };
		2E82DCD31D683DB2008559EA /* Print+Pontus.swift */ = {isa = PBXFileReference; fileEncoding = 4; lastKnownFileType = sourcecode.swift; path = "Print+Pontus.swift"; sourceTree = "<group>"; };
		2E82DCD51D683EAE008559EA /* String+Pontus.swift */ = {isa = PBXFileReference; fileEncoding = 4; lastKnownFileType = sourcecode.swift; path = "String+Pontus.swift"; sourceTree = "<group>"; };
		2E82DCD71D683F26008559EA /* Pontus_HasText.swift */ = {isa = PBXFileReference; fileEncoding = 4; lastKnownFileType = sourcecode.swift; path = Pontus_HasText.swift; sourceTree = "<group>"; };
		2E82DCD91D683F5E008559EA /* UIButton+Pontus.swift */ = {isa = PBXFileReference; fileEncoding = 4; lastKnownFileType = sourcecode.swift; path = "UIButton+Pontus.swift"; sourceTree = "<group>"; };
		2E82DCDB1D683F7D008559EA /* UICollectionView+Pontus.swift */ = {isa = PBXFileReference; fileEncoding = 4; lastKnownFileType = sourcecode.swift; path = "UICollectionView+Pontus.swift"; sourceTree = "<group>"; };
		2E82DCDD1D683FD7008559EA /* UIColor+Pontus.swift */ = {isa = PBXFileReference; fileEncoding = 4; lastKnownFileType = sourcecode.swift; path = "UIColor+Pontus.swift"; sourceTree = "<group>"; };
		2E82DCDF1D683FF1008559EA /* UIImage+Pontus.swift */ = {isa = PBXFileReference; fileEncoding = 4; lastKnownFileType = sourcecode.swift; path = "UIImage+Pontus.swift"; sourceTree = "<group>"; };
		2E82DCE11D68401A008559EA /* UIImageView+Pontus.swift */ = {isa = PBXFileReference; fileEncoding = 4; lastKnownFileType = sourcecode.swift; path = "UIImageView+Pontus.swift"; sourceTree = "<group>"; };
		2E82DCE31D684033008559EA /* UILabel+Pontus.swift */ = {isa = PBXFileReference; fileEncoding = 4; lastKnownFileType = sourcecode.swift; path = "UILabel+Pontus.swift"; sourceTree = "<group>"; };
		2E82DCE51D684067008559EA /* UINavigationController+Pontus.swift */ = {isa = PBXFileReference; fileEncoding = 4; lastKnownFileType = sourcecode.swift; path = "UINavigationController+Pontus.swift"; sourceTree = "<group>"; };
		2E82DCE71D684083008559EA /* UIScrollView+Pontus.swift */ = {isa = PBXFileReference; fileEncoding = 4; lastKnownFileType = sourcecode.swift; path = "UIScrollView+Pontus.swift"; sourceTree = "<group>"; };
		2E82DCE91D6840A2008559EA /* UITableView+Pontus.swift */ = {isa = PBXFileReference; fileEncoding = 4; lastKnownFileType = sourcecode.swift; path = "UITableView+Pontus.swift"; sourceTree = "<group>"; };
		2E82DCEB1D6840BD008559EA /* UITableViewCell+Pontus.swift */ = {isa = PBXFileReference; fileEncoding = 4; lastKnownFileType = sourcecode.swift; path = "UITableViewCell+Pontus.swift"; sourceTree = "<group>"; };
		2E82DCED1D6840D3008559EA /* UITextFiel+Pontus.swift */ = {isa = PBXFileReference; fileEncoding = 4; lastKnownFileType = sourcecode.swift; path = "UITextFiel+Pontus.swift"; sourceTree = "<group>"; };
		2E82DCEF1D6840F0008559EA /* UITextView+Pontus.swift */ = {isa = PBXFileReference; fileEncoding = 4; lastKnownFileType = sourcecode.swift; path = "UITextView+Pontus.swift"; sourceTree = "<group>"; };
		2E82DCF11D684111008559EA /* UIView+Pontus.swift */ = {isa = PBXFileReference; fileEncoding = 4; lastKnownFileType = sourcecode.swift; path = "UIView+Pontus.swift"; sourceTree = "<group>"; };
		2E82DCF31D684125008559EA /* UIViewController+Pontus.swift */ = {isa = PBXFileReference; fileEncoding = 4; lastKnownFileType = sourcecode.swift; path = "UIViewController+Pontus.swift"; sourceTree = "<group>"; };
		2E82DCF51D6841F0008559EA /* KeyboardObserver.swift */ = {isa = PBXFileReference; fileEncoding = 4; lastKnownFileType = sourcecode.swift; path = KeyboardObserver.swift; sourceTree = "<group>"; };
		2E82DCF71D684214008559EA /* Alert.swift */ = {isa = PBXFileReference; fileEncoding = 4; lastKnownFileType = sourcecode.swift; path = Alert.swift; sourceTree = "<group>"; };
		2E82DCF91D68454B008559EA /* WebViewController.swift */ = {isa = PBXFileReference; fileEncoding = 4; lastKnownFileType = sourcecode.swift; path = WebViewController.swift; sourceTree = "<group>"; };
		2E82DCFB1D68474F008559EA /* UIDevice+Pontus.swift */ = {isa = PBXFileReference; fileEncoding = 4; lastKnownFileType = sourcecode.swift; path = "UIDevice+Pontus.swift"; sourceTree = "<group>"; };
/* End PBXFileReference section */

/* Begin PBXFrameworksBuildPhase section */
		2E82DC8C1D683719008559EA /* Frameworks */ = {
			isa = PBXFrameworksBuildPhase;
			buildActionMask = 2147483647;
			files = (
			);
			runOnlyForDeploymentPostprocessing = 0;
		};
		2E82DCA01D683719008559EA /* Frameworks */ = {
			isa = PBXFrameworksBuildPhase;
			buildActionMask = 2147483647;
			files = (
			);
			runOnlyForDeploymentPostprocessing = 0;
		};
		2E82DCAB1D683719008559EA /* Frameworks */ = {
			isa = PBXFrameworksBuildPhase;
			buildActionMask = 2147483647;
			files = (
			);
			runOnlyForDeploymentPostprocessing = 0;
		};
/* End PBXFrameworksBuildPhase section */

/* Begin PBXGroup section */
		2E82DC861D683719008559EA = {
			isa = PBXGroup;
			children = (
				2E82DCC01D683728008559EA /* Pontus */,
				2E82DC911D683719008559EA /* PontusDemo */,
				2E82DCA61D683719008559EA /* PontusDemoTests */,
				2E82DCB11D683719008559EA /* PontusDemoUITests */,
				2E82DC901D683719008559EA /* Products */,
			);
			sourceTree = "<group>";
		};
		2E82DC901D683719008559EA /* Products */ = {
			isa = PBXGroup;
			children = (
				2E82DC8F1D683719008559EA /* PontusDemo.app */,
				2E82DCA31D683719008559EA /* PontusDemoTests.xctest */,
				2E82DCAE1D683719008559EA /* PontusDemoUITests.xctest */,
			);
			name = Products;
			sourceTree = "<group>";
		};
		2E82DC911D683719008559EA /* PontusDemo */ = {
			isa = PBXGroup;
			children = (
				2E82DC921D683719008559EA /* AppDelegate.swift */,
				2E82DC941D683719008559EA /* ViewController.swift */,
				2E82DC961D683719008559EA /* Main.storyboard */,
				2E82DC991D683719008559EA /* Assets.xcassets */,
				2E82DC9B1D683719008559EA /* LaunchScreen.storyboard */,
				2E82DC9E1D683719008559EA /* Info.plist */,
			);
			path = PontusDemo;
			sourceTree = "<group>";
		};
		2E82DCA61D683719008559EA /* PontusDemoTests */ = {
			isa = PBXGroup;
			children = (
				2E82DCA71D683719008559EA /* PontusDemoTests.swift */,
				2E82DCA91D683719008559EA /* Info.plist */,
			);
			path = PontusDemoTests;
			sourceTree = "<group>";
		};
		2E82DCB11D683719008559EA /* PontusDemoUITests */ = {
			isa = PBXGroup;
			children = (
				2E82DCB21D683719008559EA /* PontusDemoUITests.swift */,
				2E82DCB41D683719008559EA /* Info.plist */,
			);
			path = PontusDemoUITests;
			sourceTree = "<group>";
		};
		2E82DCC01D683728008559EA /* Pontus */ = {
			isa = PBXGroup;
			children = (
				2E82DCC11D683ABB008559EA /* ChineseDate */,
				2E82DCC21D683ABB008559EA /* FangYuan */,
				2E82DCC31D683ABB008559EA /* Swift+Pontus */,
				2E82DCC41D683ABB008559EA /* UIKit+Pontus */,
			);
			name = Pontus;
			sourceTree = "<group>";
		};
		2E82DCC11D683ABB008559EA /* ChineseDate */ = {
			isa = PBXGroup;
			children = (
				2E82DCC51D683AE8008559EA /* ChineseDate.swift */,
			);
			name = ChineseDate;
			path = Pontus/ChineseDate;
			sourceTree = "<group>";
		};
		2E82DCC21D683ABB008559EA /* FangYuan */ = {
			isa = PBXGroup;
			children = (
				2E82DCC91D683C39008559EA /* FangYuan.swift */,
				2E82DCC71D683B5A008559EA /* UIView+FangYuan.swift */,
			);
			name = FangYuan;
			path = Pontus/FangYuan;
			sourceTree = "<group>";
		};
		2E82DCC31D683ABB008559EA /* Swift+Pontus */ = {
			isa = PBXGroup;
			children = (
				2E82DCCB1D683C83008559EA /* CGFloatable.swift */,
				2E82DCCF1D683D44008559EA /* CollectionType+Pontus.swift */,
				2E82DCD11D683D6A008559EA /* GCD+Pontus.swift */,
				2E82DCD31D683DB2008559EA /* Print+Pontus.swift */,
				2E82DCD51D683EAE008559EA /* String+Pontus.swift */,
				2E82DCF51D6841F0008559EA /* KeyboardObserver.swift */,
				2E82DCF71D684214008559EA /* Alert.swift */,
				2E82DCF91D68454B008559EA /* WebViewController.swift */,
			);
			name = "Swift+Pontus";
			path = "Pontus/Swift+Pontus";
			sourceTree = "<group>";
		};
		2E82DCC41D683ABB008559EA /* UIKit+Pontus */ = {
			isa = PBXGroup;
			children = (
				2E82DCD71D683F26008559EA /* Pontus_HasText.swift */,
				2E82DCCD1D683CE5008559EA /* UIApplication+Pontus.swift */,
				2E82DCD91D683F5E008559EA /* UIButton+Pontus.swift */,
				2E82DCDB1D683F7D008559EA /* UICollectionView+Pontus.swift */,
				2E82DCDD1D683FD7008559EA /* UIColor+Pontus.swift */,
				2E82DCDF1D683FF1008559EA /* UIImage+Pontus.swift */,
				2E82DCE11D68401A008559EA /* UIImageView+Pontus.swift */,
				2E82DCE31D684033008559EA /* UILabel+Pontus.swift */,
				2E82DCE51D684067008559EA /* UINavigationController+Pontus.swift */,
				2E82DCE71D684083008559EA /* UIScrollView+Pontus.swift */,
				2E82DCE91D6840A2008559EA /* UITableView+Pontus.swift */,
				2E82DCEB1D6840BD008559EA /* UITableViewCell+Pontus.swift */,
				2E82DCED1D6840D3008559EA /* UITextFiel+Pontus.swift */,
				2E82DCEF1D6840F0008559EA /* UITextView+Pontus.swift */,
				2E82DCF11D684111008559EA /* UIView+Pontus.swift */,
				2E82DCF31D684125008559EA /* UIViewController+Pontus.swift */,
				2E82DCFB1D68474F008559EA /* UIDevice+Pontus.swift */,
			);
			name = "UIKit+Pontus";
			path = "Pontus/UIKit+Pontus";
			sourceTree = "<group>";
		};
/* End PBXGroup section */

/* Begin PBXNativeTarget section */
		2E82DC8E1D683719008559EA /* PontusDemo */ = {
			isa = PBXNativeTarget;
			buildConfigurationList = 2E82DCB71D683719008559EA /* Build configuration list for PBXNativeTarget "PontusDemo" */;
			buildPhases = (
				2E82DC8B1D683719008559EA /* Sources */,
				2E82DC8C1D683719008559EA /* Frameworks */,
				2E82DC8D1D683719008559EA /* Resources */,
			);
			buildRules = (
			);
			dependencies = (
			);
			name = PontusDemo;
			productName = PontusDemo;
			productReference = 2E82DC8F1D683719008559EA /* PontusDemo.app */;
			productType = "com.apple.product-type.application";
		};
		2E82DCA21D683719008559EA /* PontusDemoTests */ = {
			isa = PBXNativeTarget;
			buildConfigurationList = 2E82DCBA1D683719008559EA /* Build configuration list for PBXNativeTarget "PontusDemoTests" */;
			buildPhases = (
				2E82DC9F1D683719008559EA /* Sources */,
				2E82DCA01D683719008559EA /* Frameworks */,
				2E82DCA11D683719008559EA /* Resources */,
			);
			buildRules = (
			);
			dependencies = (
				2E82DCA51D683719008559EA /* PBXTargetDependency */,
			);
			name = PontusDemoTests;
			productName = PontusDemoTests;
			productReference = 2E82DCA31D683719008559EA /* PontusDemoTests.xctest */;
			productType = "com.apple.product-type.bundle.unit-test";
		};
		2E82DCAD1D683719008559EA /* PontusDemoUITests */ = {
			isa = PBXNativeTarget;
			buildConfigurationList = 2E82DCBD1D683719008559EA /* Build configuration list for PBXNativeTarget "PontusDemoUITests" */;
			buildPhases = (
				2E82DCAA1D683719008559EA /* Sources */,
				2E82DCAB1D683719008559EA /* Frameworks */,
				2E82DCAC1D683719008559EA /* Resources */,
			);
			buildRules = (
			);
			dependencies = (
				2E82DCB01D683719008559EA /* PBXTargetDependency */,
			);
			name = PontusDemoUITests;
			productName = PontusDemoUITests;
			productReference = 2E82DCAE1D683719008559EA /* PontusDemoUITests.xctest */;
			productType = "com.apple.product-type.bundle.ui-testing";
		};
/* End PBXNativeTarget section */

/* Begin PBXProject section */
		2E82DC871D683719008559EA /* Project object */ = {
			isa = PBXProject;
			attributes = {
				LastSwiftUpdateCheck = 0730;
				LastUpgradeCheck = 0730;
				ORGANIZATIONNAME = Pontus;
				TargetAttributes = {
					2E82DC8E1D683719008559EA = {
						CreatedOnToolsVersion = 7.3;
					};
					2E82DCA21D683719008559EA = {
						CreatedOnToolsVersion = 7.3;
						TestTargetID = 2E82DC8E1D683719008559EA;
					};
					2E82DCAD1D683719008559EA = {
						CreatedOnToolsVersion = 7.3;
						TestTargetID = 2E82DC8E1D683719008559EA;
					};
				};
			};
			buildConfigurationList = 2E82DC8A1D683719008559EA /* Build configuration list for PBXProject "PontusDemo" */;
			compatibilityVersion = "Xcode 3.2";
			developmentRegion = English;
			hasScannedForEncodings = 0;
			knownRegions = (
				en,
				Base,
			);
			mainGroup = 2E82DC861D683719008559EA;
			productRefGroup = 2E82DC901D683719008559EA /* Products */;
			projectDirPath = "";
			projectRoot = "";
			targets = (
				2E82DC8E1D683719008559EA /* PontusDemo */,
				2E82DCA21D683719008559EA /* PontusDemoTests */,
				2E82DCAD1D683719008559EA /* PontusDemoUITests */,
			);
		};
/* End PBXProject section */

/* Begin PBXResourcesBuildPhase section */
		2E82DC8D1D683719008559EA /* Resources */ = {
			isa = PBXResourcesBuildPhase;
			buildActionMask = 2147483647;
			files = (
				2E82DC9D1D683719008559EA /* LaunchScreen.storyboard in Resources */,
				2E82DC9A1D683719008559EA /* Assets.xcassets in Resources */,
				2E82DC981D683719008559EA /* Main.storyboard in Resources */,
			);
			runOnlyForDeploymentPostprocessing = 0;
		};
		2E82DCA11D683719008559EA /* Resources */ = {
			isa = PBXResourcesBuildPhase;
			buildActionMask = 2147483647;
			files = (
			);
			runOnlyForDeploymentPostprocessing = 0;
		};
		2E82DCAC1D683719008559EA /* Resources */ = {
			isa = PBXResourcesBuildPhase;
			buildActionMask = 2147483647;
			files = (
			);
			runOnlyForDeploymentPostprocessing = 0;
		};
/* End PBXResourcesBuildPhase section */

/* Begin PBXSourcesBuildPhase section */
		2E82DC8B1D683719008559EA /* Sources */ = {
			isa = PBXSourcesBuildPhase;
			buildActionMask = 2147483647;
			files = (
				2E82DCD81D683F26008559EA /* Pontus_HasText.swift in Sources */,
				2E82DCD01D683D44008559EA /* CollectionType+Pontus.swift in Sources */,
				2E82DC951D683719008559EA /* ViewController.swift in Sources */,
				2E82DCF41D684126008559EA /* UIViewController+Pontus.swift in Sources */,
				2E82DCD61D683EAE008559EA /* String+Pontus.swift in Sources */,
				2E82DCF01D6840F0008559EA /* UITextView+Pontus.swift in Sources */,
				2E82DCF81D684214008559EA /* Alert.swift in Sources */,
				2E82DCEA1D6840A2008559EA /* UITableView+Pontus.swift in Sources */,
				2E82DCE21D68401A008559EA /* UIImageView+Pontus.swift in Sources */,
				2E82DCE01D683FF1008559EA /* UIImage+Pontus.swift in Sources */,
				2E82DCCE1D683CE5008559EA /* UIApplication+Pontus.swift in Sources */,
				2E82DCEC1D6840BD008559EA /* UITableViewCell+Pontus.swift in Sources */,
				2E82DCC81D683B5A008559EA /* UIView+FangYuan.swift in Sources */,
				2E82DCD41D683DB2008559EA /* Print+Pontus.swift in Sources */,
				2E82DCDC1D683F7D008559EA /* UICollectionView+Pontus.swift in Sources */,
				2E82DCCC1D683C83008559EA /* CGFloatable.swift in Sources */,
				2E82DCFC1D68474F008559EA /* UIDevice+Pontus.swift in Sources */,
				2E82DC931D683719008559EA /* AppDelegate.swift in Sources */,
				2E82DCC61D683AE8008559EA /* ChineseDate.swift in Sources */,
				2E82DCE41D684033008559EA /* UILabel+Pontus.swift in Sources */,
				2E82DCDE1D683FD7008559EA /* UIColor+Pontus.swift in Sources */,
				2E82DCFA1D68454B008559EA /* WebViewController.swift in Sources */,
				2E82DCF61D6841F0008559EA /* KeyboardObserver.swift in Sources */,
				2E82DCEE1D6840D3008559EA /* UITextFiel+Pontus.swift in Sources */,
				2E82DCD21D683D6A008559EA /* GCD+Pontus.swift in Sources */,
				2E82DCE81D684083008559EA /* UIScrollView+Pontus.swift in Sources */,
				2E82DCDA1D683F5E008559EA /* UIButton+Pontus.swift in Sources */,
				2E82DCF21D684111008559EA /* UIView+Pontus.swift in Sources */,
				2E82DCE61D684067008559EA /* UINavigationController+Pontus.swift in Sources */,
				2E82DCCA1D683C39008559EA /* FangYuan.swift in Sources */,
			);
			runOnlyForDeploymentPostprocessing = 0;
		};
		2E82DC9F1D683719008559EA /* Sources */ = {
			isa = PBXSourcesBuildPhase;
			buildActionMask = 2147483647;
			files = (
				2E82DCA81D683719008559EA /* PontusDemoTests.swift in Sources */,
			);
			runOnlyForDeploymentPostprocessing = 0;
		};
		2E82DCAA1D683719008559EA /* Sources */ = {
			isa = PBXSourcesBuildPhase;
			buildActionMask = 2147483647;
			files = (
				2E82DCB31D683719008559EA /* PontusDemoUITests.swift in Sources */,
			);
			runOnlyForDeploymentPostprocessing = 0;
		};
/* End PBXSourcesBuildPhase section */

/* Begin PBXTargetDependency section */
		2E82DCA51D683719008559EA /* PBXTargetDependency */ = {
			isa = PBXTargetDependency;
			target = 2E82DC8E1D683719008559EA /* PontusDemo */;
			targetProxy = 2E82DCA41D683719008559EA /* PBXContainerItemProxy */;
		};
		2E82DCB01D683719008559EA /* PBXTargetDependency */ = {
			isa = PBXTargetDependency;
			target = 2E82DC8E1D683719008559EA /* PontusDemo */;
			targetProxy = 2E82DCAF1D683719008559EA /* PBXContainerItemProxy */;
		};
/* End PBXTargetDependency section */

/* Begin PBXVariantGroup section */
		2E82DC961D683719008559EA /* Main.storyboard */ = {
			isa = PBXVariantGroup;
			children = (
				2E82DC971D683719008559EA /* Base */,
			);
			name = Main.storyboard;
			sourceTree = "<group>";
		};
		2E82DC9B1D683719008559EA /* LaunchScreen.storyboard */ = {
			isa = PBXVariantGroup;
			children = (
				2E82DC9C1D683719008559EA /* Base */,
			);
			name = LaunchScreen.storyboard;
			sourceTree = "<group>";
		};
/* End PBXVariantGroup section */

/* Begin XCBuildConfiguration section */
		2E82DCB51D683719008559EA /* Debug */ = {
			isa = XCBuildConfiguration;
			buildSettings = {
				ALWAYS_SEARCH_USER_PATHS = NO;
				CLANG_ANALYZER_NONNULL = YES;
				CLANG_CXX_LANGUAGE_STANDARD = "gnu++0x";
				CLANG_CXX_LIBRARY = "libc++";
				CLANG_ENABLE_MODULES = YES;
				CLANG_ENABLE_OBJC_ARC = YES;
				CLANG_WARN_BOOL_CONVERSION = YES;
				CLANG_WARN_CONSTANT_CONVERSION = YES;
				CLANG_WARN_DIRECT_OBJC_ISA_USAGE = YES_ERROR;
				CLANG_WARN_EMPTY_BODY = YES;
				CLANG_WARN_ENUM_CONVERSION = YES;
				CLANG_WARN_INT_CONVERSION = YES;
				CLANG_WARN_OBJC_ROOT_CLASS = YES_ERROR;
				CLANG_WARN_UNREACHABLE_CODE = YES;
				CLANG_WARN__DUPLICATE_METHOD_MATCH = YES;
				"CODE_SIGN_IDENTITY[sdk=iphoneos*]" = "iPhone Developer";
				COPY_PHASE_STRIP = NO;
				DEBUG_INFORMATION_FORMAT = dwarf;
				ENABLE_STRICT_OBJC_MSGSEND = YES;
				ENABLE_TESTABILITY = YES;
				GCC_C_LANGUAGE_STANDARD = gnu99;
				GCC_DYNAMIC_NO_PIC = NO;
				GCC_NO_COMMON_BLOCKS = YES;
				GCC_OPTIMIZATION_LEVEL = 0;
				GCC_PREPROCESSOR_DEFINITIONS = (
					"DEBUG=1",
					"$(inherited)",
				);
				GCC_WARN_64_TO_32_BIT_CONVERSION = YES;
				GCC_WARN_ABOUT_RETURN_TYPE = YES_ERROR;
				GCC_WARN_UNDECLARED_SELECTOR = YES;
				GCC_WARN_UNINITIALIZED_AUTOS = YES_AGGRESSIVE;
				GCC_WARN_UNUSED_FUNCTION = YES;
				GCC_WARN_UNUSED_VARIABLE = YES;
				IPHONEOS_DEPLOYMENT_TARGET = 9.3;
				MTL_ENABLE_DEBUG_INFO = YES;
				ONLY_ACTIVE_ARCH = YES;
				SDKROOT = iphoneos;
				SWIFT_OPTIMIZATION_LEVEL = "-Onone";
				TARGETED_DEVICE_FAMILY = "1,2";
			};
			name = Debug;
		};
		2E82DCB61D683719008559EA /* Release */ = {
			isa = XCBuildConfiguration;
			buildSettings = {
				ALWAYS_SEARCH_USER_PATHS = NO;
				CLANG_ANALYZER_NONNULL = YES;
				CLANG_CXX_LANGUAGE_STANDARD = "gnu++0x";
				CLANG_CXX_LIBRARY = "libc++";
				CLANG_ENABLE_MODULES = YES;
				CLANG_ENABLE_OBJC_ARC = YES;
				CLANG_WARN_BOOL_CONVERSION = YES;
				CLANG_WARN_CONSTANT_CONVERSION = YES;
				CLANG_WARN_DIRECT_OBJC_ISA_USAGE = YES_ERROR;
				CLANG_WARN_EMPTY_BODY = YES;
				CLANG_WARN_ENUM_CONVERSION = YES;
				CLANG_WARN_INT_CONVERSION = YES;
				CLANG_WARN_OBJC_ROOT_CLASS = YES_ERROR;
				CLANG_WARN_UNREACHABLE_CODE = YES;
				CLANG_WARN__DUPLICATE_METHOD_MATCH = YES;
				"CODE_SIGN_IDENTITY[sdk=iphoneos*]" = "iPhone Developer";
				COPY_PHASE_STRIP = NO;
				DEBUG_INFORMATION_FORMAT = "dwarf-with-dsym";
				ENABLE_NS_ASSERTIONS = NO;
				ENABLE_STRICT_OBJC_MSGSEND = YES;
				GCC_C_LANGUAGE_STANDARD = gnu99;
				GCC_NO_COMMON_BLOCKS = YES;
				GCC_WARN_64_TO_32_BIT_CONVERSION = YES;
				GCC_WARN_ABOUT_RETURN_TYPE = YES_ERROR;
				GCC_WARN_UNDECLARED_SELECTOR = YES;
				GCC_WARN_UNINITIALIZED_AUTOS = YES_AGGRESSIVE;
				GCC_WARN_UNUSED_FUNCTION = YES;
				GCC_WARN_UNUSED_VARIABLE = YES;
				IPHONEOS_DEPLOYMENT_TARGET = 9.3;
				MTL_ENABLE_DEBUG_INFO = NO;
				SDKROOT = iphoneos;
				TARGETED_DEVICE_FAMILY = "1,2";
				VALIDATE_PRODUCT = YES;
			};
			name = Release;
		};
		2E82DCB81D683719008559EA /* Debug */ = {
			isa = XCBuildConfiguration;
			buildSettings = {
				ASSETCATALOG_COMPILER_APPICON_NAME = AppIcon;
				INFOPLIST_FILE = PontusDemo/Info.plist;
				LD_RUNPATH_SEARCH_PATHS = "$(inherited) @executable_path/Frameworks";
				PRODUCT_BUNDLE_IDENTIFIER = com.Pontus.PontusDemo;
				PRODUCT_NAME = "$(TARGET_NAME)";
			};
			name = Debug;
		};
		2E82DCB91D683719008559EA /* Release */ = {
			isa = XCBuildConfiguration;
			buildSettings = {
				ASSETCATALOG_COMPILER_APPICON_NAME = AppIcon;
				INFOPLIST_FILE = PontusDemo/Info.plist;
				LD_RUNPATH_SEARCH_PATHS = "$(inherited) @executable_path/Frameworks";
				PRODUCT_BUNDLE_IDENTIFIER = com.Pontus.PontusDemo;
				PRODUCT_NAME = "$(TARGET_NAME)";
			};
			name = Release;
		};
		2E82DCBB1D683719008559EA /* Debug */ = {
			isa = XCBuildConfiguration;
			buildSettings = {
				BUNDLE_LOADER = "$(TEST_HOST)";
				INFOPLIST_FILE = PontusDemoTests/Info.plist;
				LD_RUNPATH_SEARCH_PATHS = "$(inherited) @executable_path/Frameworks @loader_path/Frameworks";
				PRODUCT_BUNDLE_IDENTIFIER = com.Pontus.PontusDemoTests;
				PRODUCT_NAME = "$(TARGET_NAME)";
				TEST_HOST = "$(BUILT_PRODUCTS_DIR)/PontusDemo.app/PontusDemo";
			};
			name = Debug;
		};
		2E82DCBC1D683719008559EA /* Release */ = {
			isa = XCBuildConfiguration;
			buildSettings = {
				BUNDLE_LOADER = "$(TEST_HOST)";
				INFOPLIST_FILE = PontusDemoTests/Info.plist;
				LD_RUNPATH_SEARCH_PATHS = "$(inherited) @executable_path/Frameworks @loader_path/Frameworks";
				PRODUCT_BUNDLE_IDENTIFIER = com.Pontus.PontusDemoTests;
				PRODUCT_NAME = "$(TARGET_NAME)";
				TEST_HOST = "$(BUILT_PRODUCTS_DIR)/PontusDemo.app/PontusDemo";
			};
			name = Release;
		};
		2E82DCBE1D683719008559EA /* Debug */ = {
			isa = XCBuildConfiguration;
			buildSettings = {
				INFOPLIST_FILE = PontusDemoUITests/Info.plist;
				LD_RUNPATH_SEARCH_PATHS = "$(inherited) @executable_path/Frameworks @loader_path/Frameworks";
				PRODUCT_BUNDLE_IDENTIFIER = com.Pontus.PontusDemoUITests;
				PRODUCT_NAME = "$(TARGET_NAME)";
				TEST_TARGET_NAME = PontusDemo;
			};
			name = Debug;
		};
		2E82DCBF1D683719008559EA /* Release */ = {
			isa = XCBuildConfiguration;
			buildSettings = {
				INFOPLIST_FILE = PontusDemoUITests/Info.plist;
				LD_RUNPATH_SEARCH_PATHS = "$(inherited) @executable_path/Frameworks @loader_path/Frameworks";
				PRODUCT_BUNDLE_IDENTIFIER = com.Pontus.PontusDemoUITests;
				PRODUCT_NAME = "$(TARGET_NAME)";
				TEST_TARGET_NAME = PontusDemo;
			};
			name = Release;
		};
/* End XCBuildConfiguration section */

/* Begin XCConfigurationList section */
		2E82DC8A1D683719008559EA /* Build configuration list for PBXProject "PontusDemo" */ = {
			isa = XCConfigurationList;
			buildConfigurations = (
				2E82DCB51D683719008559EA /* Debug */,
				2E82DCB61D683719008559EA /* Release */,
			);
			defaultConfigurationIsVisible = 0;
			defaultConfigurationName = Release;
		};
		2E82DCB71D683719008559EA /* Build configuration list for PBXNativeTarget "PontusDemo" */ = {
			isa = XCConfigurationList;
			buildConfigurations = (
				2E82DCB81D683719008559EA /* Debug */,
				2E82DCB91D683719008559EA /* Release */,
			);
			defaultConfigurationIsVisible = 0;
		};
		2E82DCBA1D683719008559EA /* Build configuration list for PBXNativeTarget "PontusDemoTests" */ = {
			isa = XCConfigurationList;
			buildConfigurations = (
				2E82DCBB1D683719008559EA /* Debug */,
				2E82DCBC1D683719008559EA /* Release */,
			);
			defaultConfigurationIsVisible = 0;
		};
		2E82DCBD1D683719008559EA /* Build configuration list for PBXNativeTarget "PontusDemoUITests" */ = {
			isa = XCConfigurationList;
			buildConfigurations = (
				2E82DCBE1D683719008559EA /* Debug */,
				2E82DCBF1D683719008559EA /* Release */,
			);
			defaultConfigurationIsVisible = 0;
		};
/* End XCConfigurationList section */
	};
	rootObject = 2E82DC871D683719008559EA /* Project object */;
}
